github.com/Kwynto/isatty v0.0.0-20240315100545-67642426cab2 h1:PPgYz49E72Fik2U56URztTG9Gd/inryfjs2Sbdjor3g=
github.com/Kwynto/isatty v0.0.0-20240315100545-67642426cab2/go.mod h1:/gZShF+pYx9oexYSLSZ0lGxxsx/D5S90ibZ1rnj53ag=
golang.org/x/sys v0.6.0 h1:MVltZSvRTcU2ljQOhs94SXPftV6DCNnZViHeQps87pQ=
golang.org/x/sys v0.6.0/go.mod h1:oPkhp1MJrh7nUepCBck5+mAzfO9JrbApNNgaTdGDITg=
